
Microsoft Visual Studio Solution File, Format Version 12.00
# Visual Studio Version 16
VisualStudioVersion = 16.0.31205.134
MinimumVisualStudioVersion = 10.0.40219.1
Project("{FAE04EC0-301F-11D3-BF4B-00C04F79EFBC}") = "RSA", "RSA\RSA.csproj", "{C8A787E3-4749-41D6-ADAC-C6289BB114D9}"
EndProject
Global
	GlobalSection(SolutionConfigurationPlatforms) = preSolution
		Debug|Any CPU = Debug|Any CPU
		Release|Any CPU = Release|Any CPU
	EndGlobalSection
	GlobalSection(ProjectConfigurationPlatforms) = postSolution
		{C8A787E3-4749-41D6-ADAC-C6289BB114D9}.Debug|Any CPU.ActiveCfg = Debug|Any CPU
		{C8A787E3-4749-41D6-ADAC-C6289BB114D9}.Debug|Any CPU.Build.0 = Debug|Any CPU
		{C8A787E3-4749-41D6-ADAC-C6289BB114D9}.Release|Any CPU.ActiveCfg = Release|Any CPU
		{C8A787E3-4749-41D6-ADAC-C6289BB114D9}.Release|Any CPU.Build.0 = Release|Any CPU
	EndGlobalSection
	GlobalSection(SolutionProperties) = preSolution
		HideSolutionNode = FALSE
	EndGlobalSection
	GlobalSection(ExtensibilityGlobals) = postSolution
		SolutionGuid = {4E78C2D8-8E1B-4FDA-AF86-552B7618C043}
	EndGlobalSection
EndGlobal
